
Microsoft Visual Studio Solution File, Format Version 12.00
# Visual Studio 15
Project("{FAE04EC0-301F-11D3-BF4B-00C04F79EFBC}") = "MixupTheBlanks", "Assembly-CSharp.csproj", "{4821A958-DC5B-B54B-B4D3-0FEA4167295E}"
EndProject
Project("{FAE04EC0-301F-11D3-BF4B-00C04F79EFBC}") = "MixupTheBlanks", "Assembly-CSharp-Editor.csproj", "{99F9135A-C08B-7246-E77E-6DF56F9C66D7}"
EndProject
Global
	GlobalSection(SolutionConfigurationPlatforms) = preSolution
		Debug|Any CPU = Debug|Any CPU
		Release|Any CPU = Release|Any CPU
	EndGlobalSection
	GlobalSection(ProjectConfigurationPlatforms) = postSolution
		{4821A958-DC5B-B54B-B4D3-0FEA4167295E}.Debug|Any CPU.ActiveCfg = Debug|Any CPU
		{4821A958-DC5B-B54B-B4D3-0FEA4167295E}.Debug|Any CPU.Build.0 = Debug|Any CPU
		{4821A958-DC5B-B54B-B4D3-0FEA4167295E}.Release|Any CPU.ActiveCfg = Release|Any CPU
		{4821A958-DC5B-B54B-B4D3-0FEA4167295E}.Release|Any CPU.Build.0 = Release|Any CPU
		{99F9135A-C08B-7246-E77E-6DF56F9C66D7}.Debug|Any CPU.ActiveCfg = Debug|Any CPU
		{99F9135A-C08B-7246-E77E-6DF56F9C66D7}.Debug|Any CPU.Build.0 = Debug|Any CPU
		{99F9135A-C08B-7246-E77E-6DF56F9C66D7}.Release|Any CPU.ActiveCfg = Release|Any CPU
		{99F9135A-C08B-7246-E77E-6DF56F9C66D7}.Release|Any CPU.Build.0 = Release|Any CPU
	EndGlobalSection
	GlobalSection(SolutionProperties) = preSolution
		HideSolutionNode = FALSE
	EndGlobalSection
EndGlobal
